
Microsoft Visual Studio Solution File, Format Version 12.00
# Visual Studio Version 17
VisualStudioVersion = 17.4.33103.184
MinimumVisualStudioVersion = 10.0.40219.1
Project("{FAE04EC0-301F-11D3-BF4B-00C04F79EFBC}") = "ev tapsiriqlari", "ev tapsiriqlari.csproj", "{2F297C33-BE43-451A-8F45-E39FEE66728B}"
EndProject
Global
	GlobalSection(SolutionConfigurationPlatforms) = preSolution
		Debug|Any CPU = Debug|Any CPU
		Release|Any CPU = Release|Any CPU
	EndGlobalSection
	GlobalSection(ProjectConfigurationPlatforms) = postSolution
		{2F297C33-BE43-451A-8F45-E39FEE66728B}.Debug|Any CPU.ActiveCfg = Debug|Any CPU
		{2F297C33-BE43-451A-8F45-E39FEE66728B}.Debug|Any CPU.Build.0 = Debug|Any CPU
		{2F297C33-BE43-451A-8F45-E39FEE66728B}.Release|Any CPU.ActiveCfg = Release|Any CPU
		{2F297C33-BE43-451A-8F45-E39FEE66728B}.Release|Any CPU.Build.0 = Release|Any CPU
	EndGlobalSection
	GlobalSection(SolutionProperties) = preSolution
		HideSolutionNode = FALSE
	EndGlobalSection
	GlobalSection(ExtensibilityGlobals) = postSolution
		SolutionGuid = {A75BEBBF-9352-480E-A3C2-F957BAC540AD}
	EndGlobalSection
EndGlobal
